Microsoft Visual Studio Solution File, Format Version 12.00
# Visual Studio Version 17
VisualStudioVersion = 17.5.2.0
MinimumVisualStudioVersion = 10.0.40219.1
Project("{2150E333-8FDC-42A3-9474-1A3956D46DE8}") = "Services", "Services", "{5854FF58-B8C5-05C6-5BF2-ACE42193F22B}"
EndProject
Project("{FAE04EC0-301F-11D3-BF4B-00C04F79EFBC}") = "Gateway", "Services\Gateway\Gateway.csproj", "{F43947B9-0296-D70D-8E35-C807B831520D}"
EndProject
Project("{2150E333-8FDC-42A3-9474-1A3956D46DE8}") = "AuthenticationMs", "AuthenticationMs", "{EFC9AE76-D07A-36CB-0349-AC1AA49643E9}"
EndProject
Project("{FAE04EC0-301F-11D3-BF4B-00C04F79EFBC}") = "AuthenticationMs", "Services\AuthenticationMs\AuthenticationMs\AuthenticationMs.csproj", "{8EE0517D-B4AA-774A-0E84-578C6E894795}"
EndProject
Project("{FAE04EC0-301F-11D3-BF4B-00C04F79EFBC}") = "AuthenticationMs.Common", "Services\AuthenticationMs\AuthenticationMs.Common\AuthenticationMs.Common.csproj", "{5A9AF3DA-02A8-B7AD-C756-031560EADF77}"
EndProject
Project("{FAE04EC0-301F-11D3-BF4B-00C04F79EFBC}") = "AuthenticationMs.Core", "Services\AuthenticationMs\AuthenticationMs.Core\AuthenticationMs.Core.csproj", "{5997E269-7160-DF35-D7A9-E5B55CF680B2}"
EndProject
Project("{FAE04EC0-301F-11D3-BF4B-00C04F79EFBC}") = "AuthenticationMs.Infrastructure", "Services\AuthenticationMs\AuthenticationMs.Infrastructure\AuthenticationMs.Infrastructure.csproj", "{2513BA13-4762-AFE9-1F15-B193C2CDA03F}"
EndProject
Project("{2150E333-8FDC-42A3-9474-1A3956D46DE8}") = "JobMs", "JobMs", "{F75A319A-EB23-EDCA-DF4F-621C4B8138D7}"
EndProject
Project("{FAE04EC0-301F-11D3-BF4B-00C04F79EFBC}") = "JobMs", "Services\JobMs\JobMs\JobMs.csproj", "{18033505-14F7-C9D9-96D5-F8259609045C}"
EndProject
Project("{FAE04EC0-301F-11D3-BF4B-00C04F79EFBC}") = "JobMs.Application", "Services\JobMs\JobMs.Application\JobMs.Application.csproj", "{04BEBCC9-14F6-900B-D7DB-697981835FDF}"
EndProject
Project("{FAE04EC0-301F-11D3-BF4B-00C04F79EFBC}") = "JobMs.Common", "Services\JobMs\JobMs.Common\JobMs.Common.csproj", "{AFA92976-2D4B-FE20-51C4-B7CFAA3247A2}"
EndProject
Project("{FAE04EC0-301F-11D3-BF4B-00C04F79EFBC}") = "JobMs.Core", "Services\JobMs\JobMs.Core\JobMs.Core.csproj", "{B9285BA1-69D8-A0F6-5855-22C36E52055D}"
EndProject
Project("{FAE04EC0-301F-11D3-BF4B-00C04F79EFBC}") = "JobMs.Domain", "Services\JobMs\JobMs.Domain\JobMs.Domain.csproj", "{3F193645-26AA-6C50-9EEE-A2C27B010B0B}"
EndProject
Project("{FAE04EC0-301F-11D3-BF4B-00C04F79EFBC}") = "JobMs.Infrastructure", "Services\JobMs\JobMs.Infrastructure\JobMs.Infrastructure.csproj", "{81445653-740A-2AC9-A23C-FD44E775C305}"
EndProject
Project("{FAE04EC0-301F-11D3-BF4B-00C04F79EFBC}") = "JobMs.Test", "Services\JobMs\JobMs.Test\JobMs.Test.csproj", "{51F05E77-DFA2-3927-8EFE-68C88DCDF085}"
EndProject
Project("{2150E333-8FDC-42A3-9474-1A3956D46DE8}") = "OrderMs", "OrderMs", "{F48DAA1A-BABD-010E-B71E-C0DC6EB24A88}"
EndProject
Project("{FAE04EC0-301F-11D3-BF4B-00C04F79EFBC}") = "OrderMs", "Services\OrderMs\OrderMs\OrderMs.csproj", "{BDEEEC65-3517-C40E-C9A6-47B9BCC982A3}"
EndProject
Project("{FAE04EC0-301F-11D3-BF4B-00C04F79EFBC}") = "OrderMs.Application", "Services\OrderMs\OrderMs.Application\OrderMs.Application.csproj", "{27713C88-7062-D804-46B2-CC9F561A29E3}"
EndProject
Project("{FAE04EC0-301F-11D3-BF4B-00C04F79EFBC}") = "OrderMs.Common", "Services\OrderMs\OrderMs.Common\OrderMs.Common.csproj", "{E60FAC9D-94D5-128A-D0E3-1C7D8FFD1653}"
EndProject
Project("{FAE04EC0-301F-11D3-BF4B-00C04F79EFBC}") = "OrderMs.Core", "Services\OrderMs\OrderMs.Core\OrderMs.Core.csproj", "{F91391D2-7EC9-C745-C5B7-80A5880B4C7E}"
EndProject
Project("{FAE04EC0-301F-11D3-BF4B-00C04F79EFBC}") = "OrderMs.Domain", "Services\OrderMs\OrderMs.Domain\OrderMs.Domain.csproj", "{9D1F951D-F437-C327-A114-CCC8289ABF88}"
EndProject
Project("{FAE04EC0-301F-11D3-BF4B-00C04F79EFBC}") = "OrderMs.Infrastructure", "Services\OrderMs\OrderMs.Infrastructure\OrderMs.Infrastructure.csproj", "{A2FBDAC1-F913-3710-4E1D-B4D213668047}"
EndProject
Project("{FAE04EC0-301F-11D3-BF4B-00C04F79EFBC}") = "OrderMs.Test", "Services\OrderMs\OrderMs.Test\OrderMs.Test.csproj", "{9623CB88-F32D-8606-0F1B-D266B881BCF7}"
EndProject
Project("{2150E333-8FDC-42A3-9474-1A3956D46DE8}") = "ProviderMs", "ProviderMs", "{E5A71B62-5A64-B40F-C20C-D0014DF92CC8}"
EndProject
Project("{FAE04EC0-301F-11D3-BF4B-00C04F79EFBC}") = "ProviderMs", "Services\ProviderMs\ProviderMs\ProviderMs.csproj", "{0218B337-6D1C-C6F4-7E18-C332862F4C12}"
EndProject
Project("{FAE04EC0-301F-11D3-BF4B-00C04F79EFBC}") = "ProviderMs.Application", "Services\ProviderMs\ProviderMs.Application\ProviderMs.Application.csproj", "{B9B0C3D0-47E4-F157-26B2-5BEEF41E6869}"
EndProject
Project("{FAE04EC0-301F-11D3-BF4B-00C04F79EFBC}") = "ProviderMs.Common", "Services\ProviderMs\ProviderMs.Common\ProviderMs.Common.csproj", "{40DF46C5-24B2-E37C-92D4-3F784715E4A1}"
EndProject
Project("{FAE04EC0-301F-11D3-BF4B-00C04F79EFBC}") = "ProviderMs.Core", "Services\ProviderMs\ProviderMs.Core\ProviderMs.Core.csproj", "{45342DF9-BAE6-7D81-269C-D5CBC824C914}"
EndProject
Project("{FAE04EC0-301F-11D3-BF4B-00C04F79EFBC}") = "ProviderMs.Domain", "Services\ProviderMs\ProviderMs.Domain\ProviderMs.Domain.csproj", "{A477957D-ABF5-92ED-150E-AEDFE45C58C1}"
EndProject
Project("{FAE04EC0-301F-11D3-BF4B-00C04F79EFBC}") = "ProviderMs.Infrastructure", "Services\ProviderMs\ProviderMs.Infrastructure\ProviderMs.Infrastructure.csproj", "{4811B27C-A31F-9395-1A1C-16732CB533AF}"
EndProject
Project("{FAE04EC0-301F-11D3-BF4B-00C04F79EFBC}") = "ProviderMs.Test", "Services\ProviderMs\ProviderMs.Test\ProviderMs.Test.csproj", "{F5AF9CE3-3678-7897-1EB0-471A64FE353E}"
EndProject
Project("{2150E333-8FDC-42A3-9474-1A3956D46DE8}") = "UserMs", "UserMs", "{DE146C21-F857-F5AD-6CC1-83A4689E354C}"
EndProject
Project("{FAE04EC0-301F-11D3-BF4B-00C04F79EFBC}") = "UserMs", "Services\UserMs\UserMs\UserMs.csproj", "{5E11FA9B-0917-426E-D2B4-FD83A310EDF3}"
EndProject
Project("{FAE04EC0-301F-11D3-BF4B-00C04F79EFBC}") = "UserMs.Application", "Services\UserMs\UserMs.Application\UserMs.Application.csproj", "{B8278698-9613-AC53-0DC2-F1282796E45E}"
EndProject
Project("{FAE04EC0-301F-11D3-BF4B-00C04F79EFBC}") = "UserMs.Common", "Services\UserMs\UserMs.Common\UserMs.Common.csproj", "{3284B5A5-BD98-F8EA-64E5-C703EC6FB5D7}"
EndProject
Project("{FAE04EC0-301F-11D3-BF4B-00C04F79EFBC}") = "UserMs.Core", "Services\UserMs\UserMs.Core\UserMs.Core.csproj", "{F210015C-7974-4D5D-AA03-E832424B7D70}"
EndProject
Project("{FAE04EC0-301F-11D3-BF4B-00C04F79EFBC}") = "UserMs.Domain", "Services\UserMs\UserMs.Domain\UserMs.Domain.csproj", "{483CAC75-F41A-DC9C-B367-C656EF72B14C}"
EndProject
Project("{FAE04EC0-301F-11D3-BF4B-00C04F79EFBC}") = "UserMs.Infrastructure", "Services\UserMs\UserMs.Infrastructure\UserMs.Infrastructure.csproj", "{2DACA5BB-7A16-C2AD-116F-2B86D8FCA276}"
EndProject
Project("{FAE04EC0-301F-11D3-BF4B-00C04F79EFBC}") = "UserMs.Test", "Services\UserMs\UserMs.Test\UserMs.Test.csproj", "{00EA5E90-4565-E9F3-3B35-63DB749ABF2B}"
EndProject
Global
	GlobalSection(SolutionConfigurationPlatforms) = preSolution
		Debug|Any CPU = Debug|Any CPU
		Release|Any CPU = Release|Any CPU
	EndGlobalSection
	GlobalSection(ProjectConfigurationPlatforms) = postSolution
		{F43947B9-0296-D70D-8E35-C807B831520D}.Debug|Any CPU.ActiveCfg = Debug|Any CPU
		{F43947B9-0296-D70D-8E35-C807B831520D}.Debug|Any CPU.Build.0 = Debug|Any CPU
		{F43947B9-0296-D70D-8E35-C807B831520D}.Release|Any CPU.ActiveCfg = Release|Any CPU
		{F43947B9-0296-D70D-8E35-C807B831520D}.Release|Any CPU.Build.0 = Release|Any CPU
		{8EE0517D-B4AA-774A-0E84-578C6E894795}.Debug|Any CPU.ActiveCfg = Debug|Any CPU
		{8EE0517D-B4AA-774A-0E84-578C6E894795}.Debug|Any CPU.Build.0 = Debug|Any CPU
		{8EE0517D-B4AA-774A-0E84-578C6E894795}.Release|Any CPU.ActiveCfg = Release|Any CPU
		{8EE0517D-B4AA-774A-0E84-578C6E894795}.Release|Any CPU.Build.0 = Release|Any CPU
		{5A9AF3DA-02A8-B7AD-C756-031560EADF77}.Debug|Any CPU.ActiveCfg = Debug|Any CPU
		{5A9AF3DA-02A8-B7AD-C756-031560EADF77}.Debug|Any CPU.Build.0 = Debug|Any CPU
		{5A9AF3DA-02A8-B7AD-C756-031560EADF77}.Release|Any CPU.ActiveCfg = Release|Any CPU
		{5A9AF3DA-02A8-B7AD-C756-031560EADF77}.Release|Any CPU.Build.0 = Release|Any CPU
		{5997E269-7160-DF35-D7A9-E5B55CF680B2}.Debug|Any CPU.ActiveCfg = Debug|Any CPU
		{5997E269-7160-DF35-D7A9-E5B55CF680B2}.Debug|Any CPU.Build.0 = Debug|Any CPU
		{5997E269-7160-DF35-D7A9-E5B55CF680B2}.Release|Any CPU.ActiveCfg = Release|Any CPU
		{5997E269-7160-DF35-D7A9-E5B55CF680B2}.Release|Any CPU.Build.0 = Release|Any CPU
		{2513BA13-4762-AFE9-1F15-B193C2CDA03F}.Debug|Any CPU.ActiveCfg = Debug|Any CPU
		{2513BA13-4762-AFE9-1F15-B193C2CDA03F}.Debug|Any CPU.Build.0 = Debug|Any CPU
		{2513BA13-4762-AFE9-1F15-B193C2CDA03F}.Release|Any CPU.ActiveCfg = Release|Any CPU
		{2513BA13-4762-AFE9-1F15-B193C2CDA03F}.Release|Any CPU.Build.0 = Release|Any CPU
		{18033505-14F7-C9D9-96D5-F8259609045C}.Debug|Any CPU.ActiveCfg = Debug|Any CPU
		{18033505-14F7-C9D9-96D5-F8259609045C}.Debug|Any CPU.Build.0 = Debug|Any CPU
		{18033505-14F7-C9D9-96D5-F8259609045C}.Release|Any CPU.ActiveCfg = Release|Any CPU
		{18033505-14F7-C9D9-96D5-F8259609045C}.Release|Any CPU.Build.0 = Release|Any CPU
		{04BEBCC9-14F6-900B-D7DB-697981835FDF}.Debug|Any CPU.ActiveCfg = Debug|Any CPU
		{04BEBCC9-14F6-900B-D7DB-697981835FDF}.Debug|Any CPU.Build.0 = Debug|Any CPU
		{04BEBCC9-14F6-900B-D7DB-697981835FDF}.Release|Any CPU.ActiveCfg = Release|Any CPU
		{04BEBCC9-14F6-900B-D7DB-697981835FDF}.Release|Any CPU.Build.0 = Release|Any CPU
		{AFA92976-2D4B-FE20-51C4-B7CFAA3247A2}.Debug|Any CPU.ActiveCfg = Debug|Any CPU
		{AFA92976-2D4B-FE20-51C4-B7CFAA3247A2}.Debug|Any CPU.Build.0 = Debug|Any CPU
		{AFA92976-2D4B-FE20-51C4-B7CFAA3247A2}.Release|Any CPU.ActiveCfg = Release|Any CPU
		{AFA92976-2D4B-FE20-51C4-B7CFAA3247A2}.Release|Any CPU.Build.0 = Release|Any CPU
		{B9285BA1-69D8-A0F6-5855-22C36E52055D}.Debug|Any CPU.ActiveCfg = Debug|Any CPU
		{B9285BA1-69D8-A0F6-5855-22C36E52055D}.Debug|Any CPU.Build.0 = Debug|Any CPU
		{B9285BA1-69D8-A0F6-5855-22C36E52055D}.Release|Any CPU.ActiveCfg = Release|Any CPU
		{B9285BA1-69D8-A0F6-5855-22C36E52055D}.Release|Any CPU.Build.0 = Release|Any CPU
		{3F193645-26AA-6C50-9EEE-A2C27B010B0B}.Debug|Any CPU.ActiveCfg = Debug|Any CPU
		{3F193645-26AA-6C50-9EEE-A2C27B010B0B}.Debug|Any CPU.Build.0 = Debug|Any CPU
		{3F193645-26AA-6C50-9EEE-A2C27B010B0B}.Release|Any CPU.ActiveCfg = Release|Any CPU
		{3F193645-26AA-6C50-9EEE-A2C27B010B0B}.Release|Any CPU.Build.0 = Release|Any CPU
		{81445653-740A-2AC9-A23C-FD44E775C305}.Debug|Any CPU.ActiveCfg = Debug|Any CPU
		{81445653-740A-2AC9-A23C-FD44E775C305}.Debug|Any CPU.Build.0 = Debug|Any CPU
		{81445653-740A-2AC9-A23C-FD44E775C305}.Release|Any CPU.ActiveCfg = Release|Any CPU
		{81445653-740A-2AC9-A23C-FD44E775C305}.Release|Any CPU.Build.0 = Release|Any CPU
		{51F05E77-DFA2-3927-8EFE-68C88DCDF085}.Debug|Any CPU.ActiveCfg = Debug|Any CPU
		{51F05E77-DFA2-3927-8EFE-68C88DCDF085}.Debug|Any CPU.Build.0 = Debug|Any CPU
		{51F05E77-DFA2-3927-8EFE-68C88DCDF085}.Release|Any CPU.ActiveCfg = Release|Any CPU
		{51F05E77-DFA2-3927-8EFE-68C88DCDF085}.Release|Any CPU.Build.0 = Release|Any CPU
		{BDEEEC65-3517-C40E-C9A6-47B9BCC982A3}.Debug|Any CPU.ActiveCfg = Debug|Any CPU
		{BDEEEC65-3517-C40E-C9A6-47B9BCC982A3}.Debug|Any CPU.Build.0 = Debug|Any CPU
		{BDEEEC65-3517-C40E-C9A6-47B9BCC982A3}.Release|Any CPU.ActiveCfg = Release|Any CPU
		{BDEEEC65-3517-C40E-C9A6-47B9BCC982A3}.Release|Any CPU.Build.0 = Release|Any CPU
		{27713C88-7062-D804-46B2-CC9F561A29E3}.Debug|Any CPU.ActiveCfg = Debug|Any CPU
		{27713C88-7062-D804-46B2-CC9F561A29E3}.Debug|Any CPU.Build.0 = Debug|Any CPU
		{27713C88-7062-D804-46B2-CC9F561A29E3}.Release|Any CPU.ActiveCfg = Release|Any CPU
		{27713C88-7062-D804-46B2-CC9F561A29E3}.Release|Any CPU.Build.0 = Release|Any CPU
		{E60FAC9D-94D5-128A-D0E3-1C7D8FFD1653}.Debug|Any CPU.ActiveCfg = Debug|Any CPU
		{E60FAC9D-94D5-128A-D0E3-1C7D8FFD1653}.Debug|Any CPU.Build.0 = Debug|Any CPU
		{E60FAC9D-94D5-128A-D0E3-1C7D8FFD1653}.Release|Any CPU.ActiveCfg = Release|Any CPU
		{E60FAC9D-94D5-128A-D0E3-1C7D8FFD1653}.Release|Any CPU.Build.0 = Release|Any CPU
		{F91391D2-7EC9-C745-C5B7-80A5880B4C7E}.Debug|Any CPU.ActiveCfg = Debug|Any CPU
		{F91391D2-7EC9-C745-C5B7-80A5880B4C7E}.Debug|Any CPU.Build.0 = Debug|Any CPU
		{F91391D2-7EC9-C745-C5B7-80A5880B4C7E}.Release|Any CPU.ActiveCfg = Release|Any CPU
		{F91391D2-7EC9-C745-C5B7-80A5880B4C7E}.Release|Any CPU.Build.0 = Release|Any CPU
		{9D1F951D-F437-C327-A114-CCC8289ABF88}.Debug|Any CPU.ActiveCfg = Debug|Any CPU
		{9D1F951D-F437-C327-A114-CCC8289ABF88}.Debug|Any CPU.Build.0 = Debug|Any CPU
		{9D1F951D-F437-C327-A114-CCC8289ABF88}.Release|Any CPU.ActiveCfg = Release|Any CPU
		{9D1F951D-F437-C327-A114-CCC8289ABF88}.Release|Any CPU.Build.0 = Release|Any CPU
		{A2FBDAC1-F913-3710-4E1D-B4D213668047}.Debug|Any CPU.ActiveCfg = Debug|Any CPU
		{A2FBDAC1-F913-3710-4E1D-B4D213668047}.Debug|Any CPU.Build.0 = Debug|Any CPU
		{A2FBDAC1-F913-3710-4E1D-B4D213668047}.Release|Any CPU.ActiveCfg = Release|Any CPU
		{A2FBDAC1-F913-3710-4E1D-B4D213668047}.Release|Any CPU.Build.0 = Release|Any CPU
		{9623CB88-F32D-8606-0F1B-D266B881BCF7}.Debug|Any CPU.ActiveCfg = Debug|Any CPU
		{9623CB88-F32D-8606-0F1B-D266B881BCF7}.Debug|Any CPU.Build.0 = Debug|Any CPU
		{9623CB88-F32D-8606-0F1B-D266B881BCF7}.Release|Any CPU.ActiveCfg = Release|Any CPU
		{9623CB88-F32D-8606-0F1B-D266B881BCF7}.Release|Any CPU.Build.0 = Release|Any CPU
		{0218B337-6D1C-C6F4-7E18-C332862F4C12}.Debug|Any CPU.ActiveCfg = Debug|Any CPU
		{0218B337-6D1C-C6F4-7E18-C332862F4C12}.Debug|Any CPU.Build.0 = Debug|Any CPU
		{0218B337-6D1C-C6F4-7E18-C332862F4C12}.Release|Any CPU.ActiveCfg = Release|Any CPU
		{0218B337-6D1C-C6F4-7E18-C332862F4C12}.Release|Any CPU.Build.0 = Release|Any CPU
		{B9B0C3D0-47E4-F157-26B2-5BEEF41E6869}.Debug|Any CPU.ActiveCfg = Debug|Any CPU
		{B9B0C3D0-47E4-F157-26B2-5BEEF41E6869}.Debug|Any CPU.Build.0 = Debug|Any CPU
		{B9B0C3D0-47E4-F157-26B2-5BEEF41E6869}.Release|Any CPU.ActiveCfg = Release|Any CPU
		{B9B0C3D0-47E4-F157-26B2-5BEEF41E6869}.Release|Any CPU.Build.0 = Release|Any CPU
		{40DF46C5-24B2-E37C-92D4-3F784715E4A1}.Debug|Any CPU.ActiveCfg = Debug|Any CPU
		{40DF46C5-24B2-E37C-92D4-3F784715E4A1}.Debug|Any CPU.Build.0 = Debug|Any CPU
		{40DF46C5-24B2-E37C-92D4-3F784715E4A1}.Release|Any CPU.ActiveCfg = Release|Any CPU
		{40DF46C5-24B2-E37C-92D4-3F784715E4A1}.Release|Any CPU.Build.0 = Release|Any CPU
		{45342DF9-BAE6-7D81-269C-D5CBC824C914}.Debug|Any CPU.ActiveCfg = Debug|Any CPU
		{45342DF9-BAE6-7D81-269C-D5CBC824C914}.Debug|Any CPU.Build.0 = Debug|Any CPU
		{45342DF9-BAE6-7D81-269C-D5CBC824C914}.Release|Any CPU.ActiveCfg = Release|Any CPU
		{45342DF9-BAE6-7D81-269C-D5CBC824C914}.Release|Any CPU.Build.0 = Release|Any CPU
		{A477957D-ABF5-92ED-150E-AEDFE45C58C1}.Debug|Any CPU.ActiveCfg = Debug|Any CPU
		{A477957D-ABF5-92ED-150E-AEDFE45C58C1}.Debug|Any CPU.Build.0 = Debug|Any CPU
		{A477957D-ABF5-92ED-150E-AEDFE45C58C1}.Release|Any CPU.ActiveCfg = Release|Any CPU
		{A477957D-ABF5-92ED-150E-AEDFE45C58C1}.Release|Any CPU.Build.0 = Release|Any CPU
		{4811B27C-A31F-9395-1A1C-16732CB533AF}.Debug|Any CPU.ActiveCfg = Debug|Any CPU
		{4811B27C-A31F-9395-1A1C-16732CB533AF}.Debug|Any CPU.Build.0 = Debug|Any CPU
		{4811B27C-A31F-9395-1A1C-16732CB533AF}.Release|Any CPU.ActiveCfg = Release|Any CPU
		{4811B27C-A31F-9395-1A1C-16732CB533AF}.Release|Any CPU.Build.0 = Release|Any CPU
		{F5AF9CE3-3678-7897-1EB0-471A64FE353E}.Debug|Any CPU.ActiveCfg = Debug|Any CPU
		{F5AF9CE3-3678-7897-1EB0-471A64FE353E}.Debug|Any CPU.Build.0 = Debug|Any CPU
		{F5AF9CE3-3678-7897-1EB0-471A64FE353E}.Release|Any CPU.ActiveCfg = Release|Any CPU
		{F5AF9CE3-3678-7897-1EB0-471A64FE353E}.Release|Any CPU.Build.0 = Release|Any CPU
		{5E11FA9B-0917-426E-D2B4-FD83A310EDF3}.Debug|Any CPU.ActiveCfg = Debug|Any CPU
		{5E11FA9B-0917-426E-D2B4-FD83A310EDF3}.Debug|Any CPU.Build.0 = Debug|Any CPU
		{5E11FA9B-0917-426E-D2B4-FD83A310EDF3}.Release|Any CPU.ActiveCfg = Release|Any CPU
		{5E11FA9B-0917-426E-D2B4-FD83A310EDF3}.Release|Any CPU.Build.0 = Release|Any CPU
		{B8278698-9613-AC53-0DC2-F1282796E45E}.Debug|Any CPU.ActiveCfg = Debug|Any CPU
		{B8278698-9613-AC53-0DC2-F1282796E45E}.Debug|Any CPU.Build.0 = Debug|Any CPU
		{B8278698-9613-AC53-0DC2-F1282796E45E}.Release|Any CPU.ActiveCfg = Release|Any CPU
		{B8278698-9613-AC53-0DC2-F1282796E45E}.Release|Any CPU.Build.0 = Release|Any CPU
		{3284B5A5-BD98-F8EA-64E5-C703EC6FB5D7}.Debug|Any CPU.ActiveCfg = Debug|Any CPU
		{3284B5A5-BD98-F8EA-64E5-C703EC6FB5D7}.Debug|Any CPU.Build.0 = Debug|Any CPU
		{3284B5A5-BD98-F8EA-64E5-C703EC6FB5D7}.Release|Any CPU.ActiveCfg = Release|Any CPU
		{3284B5A5-BD98-F8EA-64E5-C703EC6FB5D7}.Release|Any CPU.Build.0 = Release|Any CPU
		{F210015C-7974-4D5D-AA03-E832424B7D70}.Debug|Any CPU.ActiveCfg = Debug|Any CPU
		{F210015C-7974-4D5D-AA03-E832424B7D70}.Debug|Any CPU.Build.0 = Debug|Any CPU
		{F210015C-7974-4D5D-AA03-E832424B7D70}.Release|Any CPU.ActiveCfg = Release|Any CPU
		{F210015C-7974-4D5D-AA03-E832424B7D70}.Release|Any CPU.Build.0 = Release|Any CPU
		{483CAC75-F41A-DC9C-B367-C656EF72B14C}.Debug|Any CPU.ActiveCfg = Debug|Any CPU
		{483CAC75-F41A-DC9C-B367-C656EF72B14C}.Debug|Any CPU.Build.0 = Debug|Any CPU
		{483CAC75-F41A-DC9C-B367-C656EF72B14C}.Release|Any CPU.ActiveCfg = Release|Any CPU
		{483CAC75-F41A-DC9C-B367-C656EF72B14C}.Release|Any CPU.Build.0 = Release|Any CPU
		{2DACA5BB-7A16-C2AD-116F-2B86D8FCA276}.Debug|Any CPU.ActiveCfg = Debug|Any CPU
		{2DACA5BB-7A16-C2AD-116F-2B86D8FCA276}.Debug|Any CPU.Build.0 = Debug|Any CPU
		{2DACA5BB-7A16-C2AD-116F-2B86D8FCA276}.Release|Any CPU.ActiveCfg = Release|Any CPU
		{2DACA5BB-7A16-C2AD-116F-2B86D8FCA276}.Release|Any CPU.Build.0 = Release|Any CPU
		{00EA5E90-4565-E9F3-3B35-63DB749ABF2B}.Debug|Any CPU.ActiveCfg = Debug|Any CPU
		{00EA5E90-4565-E9F3-3B35-63DB749ABF2B}.Debug|Any CPU.Build.0 = Debug|Any CPU
		{00EA5E90-4565-E9F3-3B35-63DB749ABF2B}.Release|Any CPU.ActiveCfg = Release|Any CPU
		{00EA5E90-4565-E9F3-3B35-63DB749ABF2B}.Release|Any CPU.Build.0 = Release|Any CPU
	EndGlobalSection
	GlobalSection(SolutionProperties) = preSolution
		HideSolutionNode = FALSE
	EndGlobalSection
	GlobalSection(NestedProjects) = preSolution
		{F43947B9-0296-D70D-8E35-C807B831520D} = {5854FF58-B8C5-05C6-5BF2-ACE42193F22B}
		{EFC9AE76-D07A-36CB-0349-AC1AA49643E9} = {5854FF58-B8C5-05C6-5BF2-ACE42193F22B}
		{8EE0517D-B4AA-774A-0E84-578C6E894795} = {EFC9AE76-D07A-36CB-0349-AC1AA49643E9}
		{5A9AF3DA-02A8-B7AD-C756-031560EADF77} = {EFC9AE76-D07A-36CB-0349-AC1AA49643E9}
		{5997E269-7160-DF35-D7A9-E5B55CF680B2} = {EFC9AE76-D07A-36CB-0349-AC1AA49643E9}
		{2513BA13-4762-AFE9-1F15-B193C2CDA03F} = {EFC9AE76-D07A-36CB-0349-AC1AA49643E9}
		{F75A319A-EB23-EDCA-DF4F-621C4B8138D7} = {5854FF58-B8C5-05C6-5BF2-ACE42193F22B}
		{18033505-14F7-C9D9-96D5-F8259609045C} = {F75A319A-EB23-EDCA-DF4F-621C4B8138D7}
		{04BEBCC9-14F6-900B-D7DB-697981835FDF} = {F75A319A-EB23-EDCA-DF4F-621C4B8138D7}
		{AFA92976-2D4B-FE20-51C4-B7CFAA3247A2} = {F75A319A-EB23-EDCA-DF4F-621C4B8138D7}
		{B9285BA1-69D8-A0F6-5855-22C36E52055D} = {F75A319A-EB23-EDCA-DF4F-621C4B8138D7}
		{3F193645-26AA-6C50-9EEE-A2C27B010B0B} = {F75A319A-EB23-EDCA-DF4F-621C4B8138D7}
		{81445653-740A-2AC9-A23C-FD44E775C305} = {F75A319A-EB23-EDCA-DF4F-621C4B8138D7}
		{51F05E77-DFA2-3927-8EFE-68C88DCDF085} = {F75A319A-EB23-EDCA-DF4F-621C4B8138D7}
		{F48DAA1A-BABD-010E-B71E-C0DC6EB24A88} = {5854FF58-B8C5-05C6-5BF2-ACE42193F22B}
		{BDEEEC65-3517-C40E-C9A6-47B9BCC982A3} = {F48DAA1A-BABD-010E-B71E-C0DC6EB24A88}
		{27713C88-7062-D804-46B2-CC9F561A29E3} = {F48DAA1A-BABD-010E-B71E-C0DC6EB24A88}
		{E60FAC9D-94D5-128A-D0E3-1C7D8FFD1653} = {F48DAA1A-BABD-010E-B71E-C0DC6EB24A88}
		{F91391D2-7EC9-C745-C5B7-80A5880B4C7E} = {F48DAA1A-BABD-010E-B71E-C0DC6EB24A88}
		{9D1F951D-F437-C327-A114-CCC8289ABF88} = {F48DAA1A-BABD-010E-B71E-C0DC6EB24A88}
		{A2FBDAC1-F913-3710-4E1D-B4D213668047} = {F48DAA1A-BABD-010E-B71E-C0DC6EB24A88}
		{9623CB88-F32D-8606-0F1B-D266B881BCF7} = {F48DAA1A-BABD-010E-B71E-C0DC6EB24A88}
		{E5A71B62-5A64-B40F-C20C-D0014DF92CC8} = {5854FF58-B8C5-05C6-5BF2-ACE42193F22B}
		{0218B337-6D1C-C6F4-7E18-C332862F4C12} = {E5A71B62-5A64-B40F-C20C-D0014DF92CC8}
		{B9B0C3D0-47E4-F157-26B2-5BEEF41E6869} = {E5A71B62-5A64-B40F-C20C-D0014DF92CC8}
		{40DF46C5-24B2-E37C-92D4-3F784715E4A1} = {E5A71B62-5A64-B40F-C20C-D0014DF92CC8}
		{45342DF9-BAE6-7D81-269C-D5CBC824C914} = {E5A71B62-5A64-B40F-C20C-D0014DF92CC8}
		{A477957D-ABF5-92ED-150E-AEDFE45C58C1} = {E5A71B62-5A64-B40F-C20C-D0014DF92CC8}
		{4811B27C-A31F-9395-1A1C-16732CB533AF} = {E5A71B62-5A64-B40F-C20C-D0014DF92CC8}
		{F5AF9CE3-3678-7897-1EB0-471A64FE353E} = {E5A71B62-5A64-B40F-C20C-D0014DF92CC8}
		{DE146C21-F857-F5AD-6CC1-83A4689E354C} = {5854FF58-B8C5-05C6-5BF2-ACE42193F22B}
		{5E11FA9B-0917-426E-D2B4-FD83A310EDF3} = {DE146C21-F857-F5AD-6CC1-83A4689E354C}
		{B8278698-9613-AC53-0DC2-F1282796E45E} = {DE146C21-F857-F5AD-6CC1-83A4689E354C}
		{3284B5A5-BD98-F8EA-64E5-C703EC6FB5D7} = {DE146C21-F857-F5AD-6CC1-83A4689E354C}
		{F210015C-7974-4D5D-AA03-E832424B7D70} = {DE146C21-F857-F5AD-6CC1-83A4689E354C}
		{483CAC75-F41A-DC9C-B367-C656EF72B14C} = {DE146C21-F857-F5AD-6CC1-83A4689E354C}
		{2DACA5BB-7A16-C2AD-116F-2B86D8FCA276} = {DE146C21-F857-F5AD-6CC1-83A4689E354C}
		{00EA5E90-4565-E9F3-3B35-63DB749ABF2B} = {DE146C21-F857-F5AD-6CC1-83A4689E354C}
	EndGlobalSection
	GlobalSection(ExtensibilityGlobals) = postSolution
		SolutionGuid = {04FA110E-55A9-4326-82CA-D1FE7B4D52A8}
	EndGlobalSection
EndGlobal
